
Microsoft Visual Studio Solution File, Format Version 12.00
# Visual Studio 14
VisualStudioVersion = 14.0.25420.1
MinimumVisualStudioVersion = 10.0.40219.1
Project("{FAE04EC0-301F-11D3-BF4B-00C04F79EFBC}") = "Ivony.Core", "Ivony.Core\Ivony.Core.csproj", "{BF0B37E7-2D93-4A3D-AD6D-0B51B66F5B21}"
EndProject
Project("{FAE04EC0-301F-11D3-BF4B-00C04F79EFBC}") = "Ivony.Html", "Ivony.Html\Ivony.Html.csproj", "{E775B408-605F-4B66-87B6-98596069B703}"
EndProject
Project("{FAE04EC0-301F-11D3-BF4B-00C04F79EFBC}") = "Ivony.Html.Dynamic", "Ivony.Html.Dynamic\Ivony.Html.Dynamic.csproj", "{66D674F8-5C60-4A9D-9BB5-2E5C86625F90}"
EndProject
Project("{FAE04EC0-301F-11D3-BF4B-00C04F79EFBC}") = "Ivony.Html.JQuery", "Ivony.Html.JQuery\Ivony.Html.JQuery.csproj", "{12E4C636-F4CD-4E60-A13D-439C818AC279}"
EndProject
Project("{FAE04EC0-301F-11D3-BF4B-00C04F79EFBC}") = "Ivony.Html.Parser", "Ivony.Html.Parser\Ivony.Html.Parser.csproj", "{D05D58D3-5C3A-41BD-BA9E-2AA532A3B1BE}"
EndProject
Project("{FAE04EC0-301F-11D3-BF4B-00C04F79EFBC}") = "Ivony.Html.Styles", "Ivony.Html.Styles\Ivony.Html.Styles.csproj", "{297CF6F8-CDDB-4BD6-ACF8-E7A2E4D9E804}"
EndProject
Project("{FAE04EC0-301F-11D3-BF4B-00C04F79EFBC}") = "Ivony.Html.LegacyDomModel", "Ivony.Html.LegacyDomModel\Ivony.Html.LegacyDomModel.csproj", "{43ED2A81-21D8-4105-AE7B-7F03F9E98557}"
EndProject
Project("{FAE04EC0-301F-11D3-BF4B-00C04F79EFBC}") = "Ivony.Html.Templates", "Ivony.Html.Templates\Ivony.Html.Templates.csproj", "{1B363540-4F50-48CC-93C8-19EB85024AC2}"
EndProject
Project("{FAE04EC0-301F-11D3-BF4B-00C04F79EFBC}") = "MSHTML.Adapter", "MSHTML.Adapter\MSHTML.Adapter.csproj", "{150787A5-84FE-49EB-ACAD-B04838DF6B25}"
EndProject
Project("{2150E333-8FDC-42A3-9474-1A3956D46DE8}") = "Future", "Future", "{3016984C-F51C-41C0-8EAD-315960501D33}"
EndProject
Project("{2150E333-8FDC-42A3-9474-1A3956D46DE8}") = "Legacy", "Legacy", "{4B94B6DA-59D9-48FB-A05E-BE25C4C7EEDA}"
EndProject
Project("{2150E333-8FDC-42A3-9474-1A3956D46DE8}") = "Test", "Test", "{5819B631-AB5E-437C-AD43-D53F8A38086B}"
EndProject
Project("{2150E333-8FDC-42A3-9474-1A3956D46DE8}") = "Adapter", "Adapter", "{AF5D7B06-51A8-4AA0-86A2-BC1FCC4D08A4}"
EndProject
Project("{FAE04EC0-301F-11D3-BF4B-00C04F79EFBC}") = "CssTest", "SelectorTest\CssTest.csproj", "{4AA86193-4163-4451-9E7A-3A03D925E97C}"
EndProject
Project("{FAE04EC0-301F-11D3-BF4B-00C04F79EFBC}") = "Ivony.Html.Web.Binding", "Ivony.Html.Web.Binding\Ivony.Html.Web.Binding.csproj", "{F35F2A61-7147-43CE-8D3C-2785455064A2}"
EndProject
Project("{FAE04EC0-301F-11D3-BF4B-00C04F79EFBC}") = "RegularsAssemblyBuilder", "RegularsAssemblyBuilder\RegularsAssemblyBuilder.csproj", "{1C8EEB5A-310B-4042-AF3B-062E91F045A8}"
EndProject
Project("{FAE04EC0-301F-11D3-BF4B-00C04F79EFBC}") = "SpeficationTest", "SpeficationTest\SpeficationTest.csproj", "{D4895FC7-B7DA-47D4-B46A-259C8E38C1FC}"
EndProject
Project("{FAE04EC0-301F-11D3-BF4B-00C04F79EFBC}") = "APITest", "APITest\APITest.csproj", "{B26BA503-8721-4547-BCB7-E373C73AEB37}"
EndProject
Project("{FAE04EC0-301F-11D3-BF4B-00C04F79EFBC}") = "Ivony.Html.Xml", "Ivony.Html.Xml\Ivony.Html.Xml.csproj", "{E54EE965-72D2-400B-8410-73BEB509060A}"
EndProject
Global
	GlobalSection(SolutionConfigurationPlatforms) = preSolution
		Debug|Any CPU = Debug|Any CPU
		Debug|Mixed Platforms = Debug|Mixed Platforms
		Debug|x86 = Debug|x86
		Release|Any CPU = Release|Any CPU
		Release|Mixed Platforms = Release|Mixed Platforms
		Release|x86 = Release|x86
	EndGlobalSection
	GlobalSection(ProjectConfigurationPlatforms) = postSolution
		{BF0B37E7-2D93-4A3D-AD6D-0B51B66F5B21}.Debug|Any CPU.ActiveCfg = Debug|Any CPU
		{BF0B37E7-2D93-4A3D-AD6D-0B51B66F5B21}.Debug|Any CPU.Build.0 = Debug|Any CPU
		{BF0B37E7-2D93-4A3D-AD6D-0B51B66F5B21}.Debug|Mixed Platforms.ActiveCfg = Debug|Any CPU
		{BF0B37E7-2D93-4A3D-AD6D-0B51B66F5B21}.Debug|Mixed Platforms.Build.0 = Debug|Any CPU
		{BF0B37E7-2D93-4A3D-AD6D-0B51B66F5B21}.Debug|x86.ActiveCfg = Debug|Any CPU
		{BF0B37E7-2D93-4A3D-AD6D-0B51B66F5B21}.Release|Any CPU.ActiveCfg = Release|Any CPU
		{BF0B37E7-2D93-4A3D-AD6D-0B51B66F5B21}.Release|Any CPU.Build.0 = Release|Any CPU
		{BF0B37E7-2D93-4A3D-AD6D-0B51B66F5B21}.Release|Mixed Platforms.ActiveCfg = Release|Any CPU
		{BF0B37E7-2D93-4A3D-AD6D-0B51B66F5B21}.Release|Mixed Platforms.Build.0 = Release|Any CPU
		{BF0B37E7-2D93-4A3D-AD6D-0B51B66F5B21}.Release|x86.ActiveCfg = Release|Any CPU
		{E775B408-605F-4B66-87B6-98596069B703}.Debug|Any CPU.ActiveCfg = Debug|Any CPU
		{E775B408-605F-4B66-87B6-98596069B703}.Debug|Any CPU.Build.0 = Debug|Any CPU
		{E775B408-605F-4B66-87B6-98596069B703}.Debug|Mixed Platforms.ActiveCfg = Debug|Any CPU
		{E775B408-605F-4B66-87B6-98596069B703}.Debug|Mixed Platforms.Build.0 = Debug|Any CPU
		{E775B408-605F-4B66-87B6-98596069B703}.Debug|x86.ActiveCfg = Debug|Any CPU
		{E775B408-605F-4B66-87B6-98596069B703}.Release|Any CPU.ActiveCfg = Release|Any CPU
		{E775B408-605F-4B66-87B6-98596069B703}.Release|Any CPU.Build.0 = Release|Any CPU
		{E775B408-605F-4B66-87B6-98596069B703}.Release|Mixed Platforms.ActiveCfg = Release|Any CPU
		{E775B408-605F-4B66-87B6-98596069B703}.Release|Mixed Platforms.Build.0 = Release|Any CPU
		{E775B408-605F-4B66-87B6-98596069B703}.Release|x86.ActiveCfg = Release|Any CPU
		{66D674F8-5C60-4A9D-9BB5-2E5C86625F90}.Debug|Any CPU.ActiveCfg = Debug|Any CPU
		{66D674F8-5C60-4A9D-9BB5-2E5C86625F90}.Debug|Any CPU.Build.0 = Debug|Any CPU
		{66D674F8-5C60-4A9D-9BB5-2E5C86625F90}.Debug|Mixed Platforms.ActiveCfg = Debug|Any CPU
		{66D674F8-5C60-4A9D-9BB5-2E5C86625F90}.Debug|Mixed Platforms.Build.0 = Debug|Any CPU
		{66D674F8-5C60-4A9D-9BB5-2E5C86625F90}.Debug|x86.ActiveCfg = Debug|Any CPU
		{66D674F8-5C60-4A9D-9BB5-2E5C86625F90}.Release|Any CPU.ActiveCfg = Release|Any CPU
		{66D674F8-5C60-4A9D-9BB5-2E5C86625F90}.Release|Any CPU.Build.0 = Release|Any CPU
		{66D674F8-5C60-4A9D-9BB5-2E5C86625F90}.Release|Mixed Platforms.ActiveCfg = Release|Any CPU
		{66D674F8-5C60-4A9D-9BB5-2E5C86625F90}.Release|Mixed Platforms.Build.0 = Release|Any CPU
		{66D674F8-5C60-4A9D-9BB5-2E5C86625F90}.Release|x86.ActiveCfg = Release|Any CPU
		{12E4C636-F4CD-4E60-A13D-439C818AC279}.Debug|Any CPU.ActiveCfg = Debug|Any CPU
		{12E4C636-F4CD-4E60-A13D-439C818AC279}.Debug|Any CPU.Build.0 = Debug|Any CPU
		{12E4C636-F4CD-4E60-A13D-439C818AC279}.Debug|Mixed Platforms.ActiveCfg = Debug|Any CPU
		{12E4C636-F4CD-4E60-A13D-439C818AC279}.Debug|Mixed Platforms.Build.0 = Debug|Any CPU
		{12E4C636-F4CD-4E60-A13D-439C818AC279}.Debug|x86.ActiveCfg = Debug|Any CPU
		{12E4C636-F4CD-4E60-A13D-439C818AC279}.Release|Any CPU.ActiveCfg = Release|Any CPU
		{12E4C636-F4CD-4E60-A13D-439C818AC279}.Release|Any CPU.Build.0 = Release|Any CPU
		{12E4C636-F4CD-4E60-A13D-439C818AC279}.Release|Mixed Platforms.ActiveCfg = Release|Any CPU
		{12E4C636-F4CD-4E60-A13D-439C818AC279}.Release|Mixed Platforms.Build.0 = Release|Any CPU
		{12E4C636-F4CD-4E60-A13D-439C818AC279}.Release|x86.ActiveCfg = Release|Any CPU
		{D05D58D3-5C3A-41BD-BA9E-2AA532A3B1BE}.Debug|Any CPU.ActiveCfg = Debug|Any CPU
		{D05D58D3-5C3A-41BD-BA9E-2AA532A3B1BE}.Debug|Any CPU.Build.0 = Debug|Any CPU
		{D05D58D3-5C3A-41BD-BA9E-2AA532A3B1BE}.Debug|Mixed Platforms.ActiveCfg = Debug|Any CPU
		{D05D58D3-5C3A-41BD-BA9E-2AA532A3B1BE}.Debug|Mixed Platforms.Build.0 = Debug|Any CPU
		{D05D58D3-5C3A-41BD-BA9E-2AA532A3B1BE}.Debug|x86.ActiveCfg = Debug|Any CPU
		{D05D58D3-5C3A-41BD-BA9E-2AA532A3B1BE}.Release|Any CPU.ActiveCfg = Release|Any CPU
		{D05D58D3-5C3A-41BD-BA9E-2AA532A3B1BE}.Release|Any CPU.Build.0 = Release|Any CPU
		{D05D58D3-5C3A-41BD-BA9E-2AA532A3B1BE}.Release|Mixed Platforms.ActiveCfg = Release|Any CPU
		{D05D58D3-5C3A-41BD-BA9E-2AA532A3B1BE}.Release|Mixed Platforms.Build.0 = Release|Any CPU
		{D05D58D3-5C3A-41BD-BA9E-2AA532A3B1BE}.Release|x86.ActiveCfg = Release|Any CPU
		{297CF6F8-CDDB-4BD6-ACF8-E7A2E4D9E804}.Debug|Any CPU.ActiveCfg = Debug|Any CPU
		{297CF6F8-CDDB-4BD6-ACF8-E7A2E4D9E804}.Debug|Any CPU.Build.0 = Debug|Any CPU
		{297CF6F8-CDDB-4BD6-ACF8-E7A2E4D9E804}.Debug|Mixed Platforms.ActiveCfg = Debug|Any CPU
		{297CF6F8-CDDB-4BD6-ACF8-E7A2E4D9E804}.Debug|Mixed Platforms.Build.0 = Debug|Any CPU
		{297CF6F8-CDDB-4BD6-ACF8-E7A2E4D9E804}.Debug|x86.ActiveCfg = Debug|Any CPU
		{297CF6F8-CDDB-4BD6-ACF8-E7A2E4D9E804}.Release|Any CPU.ActiveCfg = Release|Any CPU
		{297CF6F8-CDDB-4BD6-ACF8-E7A2E4D9E804}.Release|Any CPU.Build.0 = Release|Any CPU
		{297CF6F8-CDDB-4BD6-ACF8-E7A2E4D9E804}.Release|Mixed Platforms.ActiveCfg = Release|Any CPU
		{297CF6F8-CDDB-4BD6-ACF8-E7A2E4D9E804}.Release|Mixed Platforms.Build.0 = Release|Any CPU
		{297CF6F8-CDDB-4BD6-ACF8-E7A2E4D9E804}.Release|x86.ActiveCfg = Release|Any CPU
		{43ED2A81-21D8-4105-AE7B-7F03F9E98557}.Debug|Any CPU.ActiveCfg = Debug|Any CPU
		{43ED2A81-21D8-4105-AE7B-7F03F9E98557}.Debug|Any CPU.Build.0 = Debug|Any CPU
		{43ED2A81-21D8-4105-AE7B-7F03F9E98557}.Debug|Mixed Platforms.ActiveCfg = Debug|Any CPU
		{43ED2A81-21D8-4105-AE7B-7F03F9E98557}.Debug|Mixed Platforms.Build.0 = Debug|Any CPU
		{43ED2A81-21D8-4105-AE7B-7F03F9E98557}.Debug|x86.ActiveCfg = Debug|Any CPU
		{43ED2A81-21D8-4105-AE7B-7F03F9E98557}.Release|Any CPU.ActiveCfg = Release|Any CPU
		{43ED2A81-21D8-4105-AE7B-7F03F9E98557}.Release|Any CPU.Build.0 = Release|Any CPU
		{43ED2A81-21D8-4105-AE7B-7F03F9E98557}.Release|Mixed Platforms.ActiveCfg = Release|Any CPU
		{43ED2A81-21D8-4105-AE7B-7F03F9E98557}.Release|Mixed Platforms.Build.0 = Release|Any CPU
		{43ED2A81-21D8-4105-AE7B-7F03F9E98557}.Release|x86.ActiveCfg = Release|Any CPU
		{1B363540-4F50-48CC-93C8-19EB85024AC2}.Debug|Any CPU.ActiveCfg = Debug|Any CPU
		{1B363540-4F50-48CC-93C8-19EB85024AC2}.Debug|Any CPU.Build.0 = Debug|Any CPU
		{1B363540-4F50-48CC-93C8-19EB85024AC2}.Debug|Mixed Platforms.ActiveCfg = Debug|Any CPU
		{1B363540-4F50-48CC-93C8-19EB85024AC2}.Debug|Mixed Platforms.Build.0 = Debug|Any CPU
		{1B363540-4F50-48CC-93C8-19EB85024AC2}.Debug|x86.ActiveCfg = Debug|Any CPU
		{1B363540-4F50-48CC-93C8-19EB85024AC2}.Release|Any CPU.ActiveCfg = Release|Any CPU
		{1B363540-4F50-48CC-93C8-19EB85024AC2}.Release|Any CPU.Build.0 = Release|Any CPU
		{1B363540-4F50-48CC-93C8-19EB85024AC2}.Release|Mixed Platforms.ActiveCfg = Release|Any CPU
		{1B363540-4F50-48CC-93C8-19EB85024AC2}.Release|Mixed Platforms.Build.0 = Release|Any CPU
		{1B363540-4F50-48CC-93C8-19EB85024AC2}.Release|x86.ActiveCfg = Release|Any CPU
		{150787A5-84FE-49EB-ACAD-B04838DF6B25}.Debug|Any CPU.ActiveCfg = Debug|Any CPU
		{150787A5-84FE-49EB-ACAD-B04838DF6B25}.Debug|Any CPU.Build.0 = Debug|Any CPU
		{150787A5-84FE-49EB-ACAD-B04838DF6B25}.Debug|Mixed Platforms.ActiveCfg = Debug|Any CPU
		{150787A5-84FE-49EB-ACAD-B04838DF6B25}.Debug|Mixed Platforms.Build.0 = Debug|Any CPU
		{150787A5-84FE-49EB-ACAD-B04838DF6B25}.Debug|x86.ActiveCfg = Debug|Any CPU
		{150787A5-84FE-49EB-ACAD-B04838DF6B25}.Release|Any CPU.ActiveCfg = Release|Any CPU
		{150787A5-84FE-49EB-ACAD-B04838DF6B25}.Release|Any CPU.Build.0 = Release|Any CPU
		{150787A5-84FE-49EB-ACAD-B04838DF6B25}.Release|Mixed Platforms.ActiveCfg = Release|Any CPU
		{150787A5-84FE-49EB-ACAD-B04838DF6B25}.Release|x86.ActiveCfg = Release|Any CPU
		{4AA86193-4163-4451-9E7A-3A03D925E97C}.Debug|Any CPU.ActiveCfg = Debug|Any CPU
		{4AA86193-4163-4451-9E7A-3A03D925E97C}.Debug|Any CPU.Build.0 = Debug|Any CPU
		{4AA86193-4163-4451-9E7A-3A03D925E97C}.Debug|Mixed Platforms.ActiveCfg = Debug|Any CPU
		{4AA86193-4163-4451-9E7A-3A03D925E97C}.Debug|Mixed Platforms.Build.0 = Debug|Any CPU
		{4AA86193-4163-4451-9E7A-3A03D925E97C}.Debug|x86.ActiveCfg = Debug|Any CPU
		{4AA86193-4163-4451-9E7A-3A03D925E97C}.Release|Any CPU.ActiveCfg = Release|Any CPU
		{4AA86193-4163-4451-9E7A-3A03D925E97C}.Release|Any CPU.Build.0 = Release|Any CPU
		{4AA86193-4163-4451-9E7A-3A03D925E97C}.Release|Mixed Platforms.ActiveCfg = Release|Any CPU
		{4AA86193-4163-4451-9E7A-3A03D925E97C}.Release|Mixed Platforms.Build.0 = Release|Any CPU
		{4AA86193-4163-4451-9E7A-3A03D925E97C}.Release|x86.ActiveCfg = Release|Any CPU
		{F35F2A61-7147-43CE-8D3C-2785455064A2}.Debug|Any CPU.ActiveCfg = Debug|Any CPU
		{F35F2A61-7147-43CE-8D3C-2785455064A2}.Debug|Any CPU.Build.0 = Debug|Any CPU
		{F35F2A61-7147-43CE-8D3C-2785455064A2}.Debug|Mixed Platforms.ActiveCfg = Debug|Any CPU
		{F35F2A61-7147-43CE-8D3C-2785455064A2}.Debug|Mixed Platforms.Build.0 = Debug|Any CPU
		{F35F2A61-7147-43CE-8D3C-2785455064A2}.Debug|x86.ActiveCfg = Debug|Any CPU
		{F35F2A61-7147-43CE-8D3C-2785455064A2}.Release|Any CPU.ActiveCfg = Release|Any CPU
		{F35F2A61-7147-43CE-8D3C-2785455064A2}.Release|Any CPU.Build.0 = Release|Any CPU
		{F35F2A61-7147-43CE-8D3C-2785455064A2}.Release|Mixed Platforms.ActiveCfg = Release|Any CPU
		{F35F2A61-7147-43CE-8D3C-2785455064A2}.Release|Mixed Platforms.Build.0 = Release|Any CPU
		{F35F2A61-7147-43CE-8D3C-2785455064A2}.Release|x86.ActiveCfg = Release|Any CPU
		{1C8EEB5A-310B-4042-AF3B-062E91F045A8}.Debug|Any CPU.ActiveCfg = Debug|Any CPU
		{1C8EEB5A-310B-4042-AF3B-062E91F045A8}.Debug|Any CPU.Build.0 = Debug|Any CPU
		{1C8EEB5A-310B-4042-AF3B-062E91F045A8}.Debug|Mixed Platforms.ActiveCfg = Debug|Any CPU
		{1C8EEB5A-310B-4042-AF3B-062E91F045A8}.Debug|Mixed Platforms.Build.0 = Debug|Any CPU
		{1C8EEB5A-310B-4042-AF3B-062E91F045A8}.Debug|x86.ActiveCfg = Debug|Any CPU
		{1C8EEB5A-310B-4042-AF3B-062E91F045A8}.Release|Any CPU.ActiveCfg = Release|Any CPU
		{1C8EEB5A-310B-4042-AF3B-062E91F045A8}.Release|Any CPU.Build.0 = Release|Any CPU
		{1C8EEB5A-310B-4042-AF3B-062E91F045A8}.Release|Mixed Platforms.ActiveCfg = Release|Any CPU
		{1C8EEB5A-310B-4042-AF3B-062E91F045A8}.Release|Mixed Platforms.Build.0 = Release|Any CPU
		{1C8EEB5A-310B-4042-AF3B-062E91F045A8}.Release|x86.ActiveCfg = Release|Any CPU
		{D4895FC7-B7DA-47D4-B46A-259C8E38C1FC}.Debug|Any CPU.ActiveCfg = Debug|Any CPU
		{D4895FC7-B7DA-47D4-B46A-259C8E38C1FC}.Debug|Any CPU.Build.0 = Debug|Any CPU
		{D4895FC7-B7DA-47D4-B46A-259C8E38C1FC}.Debug|Mixed Platforms.ActiveCfg = Debug|Any CPU
		{D4895FC7-B7DA-47D4-B46A-259C8E38C1FC}.Debug|Mixed Platforms.Build.0 = Debug|Any CPU
		{D4895FC7-B7DA-47D4-B46A-259C8E38C1FC}.Debug|x86.ActiveCfg = Debug|Any CPU
		{D4895FC7-B7DA-47D4-B46A-259C8E38C1FC}.Release|Any CPU.ActiveCfg = Release|Any CPU
		{D4895FC7-B7DA-47D4-B46A-259C8E38C1FC}.Release|Any CPU.Build.0 = Release|Any CPU
		{D4895FC7-B7DA-47D4-B46A-259C8E38C1FC}.Release|Mixed Platforms.ActiveCfg = Release|Any CPU
		{D4895FC7-B7DA-47D4-B46A-259C8E38C1FC}.Release|Mixed Platforms.Build.0 = Release|Any CPU
		{D4895FC7-B7DA-47D4-B46A-259C8E38C1FC}.Release|x86.ActiveCfg = Release|Any CPU
		{B26BA503-8721-4547-BCB7-E373C73AEB37}.Debug|Any CPU.ActiveCfg = Debug|Any CPU
		{B26BA503-8721-4547-BCB7-E373C73AEB37}.Debug|Any CPU.Build.0 = Debug|Any CPU
		{B26BA503-8721-4547-BCB7-E373C73AEB37}.Debug|Mixed Platforms.ActiveCfg = Debug|Any CPU
		{B26BA503-8721-4547-BCB7-E373C73AEB37}.Debug|Mixed Platforms.Build.0 = Debug|Any CPU
		{B26BA503-8721-4547-BCB7-E373C73AEB37}.Debug|x86.ActiveCfg = Debug|Any CPU
		{B26BA503-8721-4547-BCB7-E373C73AEB37}.Release|Any CPU.ActiveCfg = Release|Any CPU
		{B26BA503-8721-4547-BCB7-E373C73AEB37}.Release|Any CPU.Build.0 = Release|Any CPU
		{B26BA503-8721-4547-BCB7-E373C73AEB37}.Release|Mixed Platforms.ActiveCfg = Release|Any CPU
		{B26BA503-8721-4547-BCB7-E373C73AEB37}.Release|Mixed Platforms.Build.0 = Release|Any CPU
		{B26BA503-8721-4547-BCB7-E373C73AEB37}.Release|x86.ActiveCfg = Release|Any CPU
		{E54EE965-72D2-400B-8410-73BEB509060A}.Debug|Any CPU.ActiveCfg = Debug|Any CPU
		{E54EE965-72D2-400B-8410-73BEB509060A}.Debug|Any CPU.Build.0 = Debug|Any CPU
		{E54EE965-72D2-400B-8410-73BEB509060A}.Debug|Mixed Platforms.ActiveCfg = Debug|Any CPU
		{E54EE965-72D2-400B-8410-73BEB509060A}.Debug|Mixed Platforms.Build.0 = Debug|Any CPU
		{E54EE965-72D2-400B-8410-73BEB509060A}.Debug|x86.ActiveCfg = Debug|Any CPU
		{E54EE965-72D2-400B-8410-73BEB509060A}.Release|Any CPU.ActiveCfg = Release|Any CPU
		{E54EE965-72D2-400B-8410-73BEB509060A}.Release|Any CPU.Build.0 = Release|Any CPU
		{E54EE965-72D2-400B-8410-73BEB509060A}.Release|Mixed Platforms.ActiveCfg = Release|Any CPU
		{E54EE965-72D2-400B-8410-73BEB509060A}.Release|Mixed Platforms.Build.0 = Release|Any CPU
		{E54EE965-72D2-400B-8410-73BEB509060A}.Release|x86.ActiveCfg = Release|Any CPU
	EndGlobalSection
	GlobalSection(SolutionProperties) = preSolution
		HideSolutionNode = FALSE
	EndGlobalSection
	GlobalSection(NestedProjects) = preSolution
		{66D674F8-5C60-4A9D-9BB5-2E5C86625F90} = {3016984C-F51C-41C0-8EAD-315960501D33}
		{12E4C636-F4CD-4E60-A13D-439C818AC279} = {3016984C-F51C-41C0-8EAD-315960501D33}
		{297CF6F8-CDDB-4BD6-ACF8-E7A2E4D9E804} = {3016984C-F51C-41C0-8EAD-315960501D33}
		{43ED2A81-21D8-4105-AE7B-7F03F9E98557} = {4B94B6DA-59D9-48FB-A05E-BE25C4C7EEDA}
		{1B363540-4F50-48CC-93C8-19EB85024AC2} = {3016984C-F51C-41C0-8EAD-315960501D33}
		{150787A5-84FE-49EB-ACAD-B04838DF6B25} = {AF5D7B06-51A8-4AA0-86A2-BC1FCC4D08A4}
		{4AA86193-4163-4451-9E7A-3A03D925E97C} = {5819B631-AB5E-437C-AD43-D53F8A38086B}
		{F35F2A61-7147-43CE-8D3C-2785455064A2} = {3016984C-F51C-41C0-8EAD-315960501D33}
		{D4895FC7-B7DA-47D4-B46A-259C8E38C1FC} = {5819B631-AB5E-437C-AD43-D53F8A38086B}
		{B26BA503-8721-4547-BCB7-E373C73AEB37} = {5819B631-AB5E-437C-AD43-D53F8A38086B}
		{E54EE965-72D2-400B-8410-73BEB509060A} = {3016984C-F51C-41C0-8EAD-315960501D33}
	EndGlobalSection
EndGlobal
